
Microsoft Visual Studio Solution File, Format Version 12.00
# Visual Studio Version 17
VisualStudioVersion = 17.4.33205.214
MinimumVisualStudioVersion = 10.0.40219.1
Project("{FAE04EC0-301F-11D3-BF4B-00C04F79EFBC}") = "QrCodeExample", "QrCodeExample\QrCodeExample.csproj", "{44C2FB82-93F1-4313-B0A6-A03A99DDC080}"
EndProject
Project("{FAE04EC0-301F-11D3-BF4B-00C04F79EFBC}") = "QrCodeAPI", "QrCodeAPI\QrCodeAPI.csproj", "{5002023D-0119-4536-851E-421AA48F9ED7}"
EndProject
Global
	GlobalSection(SolutionConfigurationPlatforms) = preSolution
		Debug|Any CPU = Debug|Any CPU
		Release|Any CPU = Release|Any CPU
	EndGlobalSection
	GlobalSection(ProjectConfigurationPlatforms) = postSolution
		{44C2FB82-93F1-4313-B0A6-A03A99DDC080}.Debug|Any CPU.ActiveCfg = Debug|Any CPU
		{44C2FB82-93F1-4313-B0A6-A03A99DDC080}.Debug|Any CPU.Build.0 = Debug|Any CPU
		{44C2FB82-93F1-4313-B0A6-A03A99DDC080}.Release|Any CPU.ActiveCfg = Release|Any CPU
		{44C2FB82-93F1-4313-B0A6-A03A99DDC080}.Release|Any CPU.Build.0 = Release|Any CPU
		{5002023D-0119-4536-851E-421AA48F9ED7}.Debug|Any CPU.ActiveCfg = Debug|Any CPU
		{5002023D-0119-4536-851E-421AA48F9ED7}.Debug|Any CPU.Build.0 = Debug|Any CPU
		{5002023D-0119-4536-851E-421AA48F9ED7}.Release|Any CPU.ActiveCfg = Release|Any CPU
		{5002023D-0119-4536-851E-421AA48F9ED7}.Release|Any CPU.Build.0 = Release|Any CPU
	EndGlobalSection
	GlobalSection(SolutionProperties) = preSolution
		HideSolutionNode = FALSE
	EndGlobalSection
	GlobalSection(ExtensibilityGlobals) = postSolution
		SolutionGuid = {860D5163-D1BF-491F-A1D3-1D6CD25682DA}
	EndGlobalSection
EndGlobal
